PODS:
  - MMMaterialDesignSpinner (0.2.6)

DEPENDENCIES:
  - MMMaterialDesignSpinner (from `../`)

EXTERNAL SOURCES:
  MMMaterialDesignSpinner:
    :path: "../"

SPEC CHECKSUMS:
  MMMaterialDesignSpinner: f877769592cc4410c51299a64d6c3934a9fcdab1

PODFILE CHECKSUM: c0dd544008166879b3152865a647d9ab7cf11291

COCOAPODS: 1.2.1
