PODS:
  - MMMaterialDesignSpinner (0.2.4)

DEPENDENCIES:
  - MMMaterialDesignSpinner (from `../`)

EXTERNAL SOURCES:
  MMMaterialDesignSpinner:
    :path: "../"

SPEC CHECKSUMS:
  MMMaterialDesignSpinner: 66a80c1c7a745e65e1fefeff613a6510ddc1fe54

PODFILE CHECKSUM: c0dd544008166879b3152865a647d9ab7cf11291

COCOAPODS: 1.2.1
